
Microsoft Visual Studio Solution File, Format Version 11.00
# Visual Studio 2010
# SharpDevelop 5.1
Project("{FAE04EC0-301F-11D3-BF4B-00C04F79EFBC}") = "SimplePhysics", "SimplePhysics\SimplePhysics.csproj", "{33882EB2-6145-4D2C-8EC0-472B21A3AF5A}"
EndProject
Global
	GlobalSection(SolutionConfigurationPlatforms) = preSolution
		Debug|Any CPU = Debug|Any CPU
		Release|Any CPU = Release|Any CPU
	EndGlobalSection
	GlobalSection(ProjectConfigurationPlatforms) = postSolution
		{33882EB2-6145-4D2C-8EC0-472B21A3AF5A}.Debug|Any CPU.ActiveCfg = Debug|Any CPU
		{33882EB2-6145-4D2C-8EC0-472B21A3AF5A}.Debug|Any CPU.Build.0 = Debug|Any CPU
		{33882EB2-6145-4D2C-8EC0-472B21A3AF5A}.Release|Any CPU.ActiveCfg = Release|Any CPU
		{33882EB2-6145-4D2C-8EC0-472B21A3AF5A}.Release|Any CPU.Build.0 = Release|Any CPU
	EndGlobalSection
EndGlobal
